
Microsoft Visual Studio Solution File, Format Version 12.00
# Visual Studio Version 17
VisualStudioVersion = 17.3.32929.385
MinimumVisualStudioVersion = 10.0.40219.1
Project("{9A19103F-16F7-4668-BE54-9A1E7A4F7556}") = "UNN1N9_SOF_2022231_BACKEND", "UNN1N9_SOF_2022231_BACKEND\UNN1N9_SOF_2022231_BACKEND.csproj", "{6EFE9ADA-CF80-477E-9904-D0B37DC0D190}"
EndProject
Global
	GlobalSection(SolutionConfigurationPlatforms) = preSolution
		Debug|Any CPU = Debug|Any CPU
		Release|Any CPU = Release|Any CPU
	EndGlobalSection
	GlobalSection(ProjectConfigurationPlatforms) = postSolution
		{6EFE9ADA-CF80-477E-9904-D0B37DC0D190}.Debug|Any CPU.ActiveCfg = Debug|Any CPU
		{6EFE9ADA-CF80-477E-9904-D0B37DC0D190}.Debug|Any CPU.Build.0 = Debug|Any CPU
		{6EFE9ADA-CF80-477E-9904-D0B37DC0D190}.Release|Any CPU.ActiveCfg = Release|Any CPU
		{6EFE9ADA-CF80-477E-9904-D0B37DC0D190}.Release|Any CPU.Build.0 = Release|Any CPU
	EndGlobalSection
	GlobalSection(SolutionProperties) = preSolution
		HideSolutionNode = FALSE
	EndGlobalSection
	GlobalSection(ExtensibilityGlobals) = postSolution
		SolutionGuid = {5099C1BF-536F-4F2E-B475-52656D1C03DD}
	EndGlobalSection
EndGlobal
